
Microsoft Visual Studio Solution File, Format Version 12.00
# Visual Studio Version 16
VisualStudioVersion = 16.0.28803.156
MinimumVisualStudioVersion = 10.0.40219.1
Project("{9A19103F-16F7-4668-BE54-9A1E7A4F7556}") = "EventSource", "EventSource\EventSource.csproj", "{3B4BCBA3-EEB4-4463-9AE0-66D90D8C261A}"
EndProject
Project("{9A19103F-16F7-4668-BE54-9A1E7A4F7556}") = "EventSourceConsumer", "EventSourceConsumer\EventSourceConsumer.csproj", "{C2DA5FFF-5216-4ADC-8151-98BC049391E1}"
EndProject
Global
	GlobalSection(SolutionConfigurationPlatforms) = preSolution
		Debug|Any CPU = Debug|Any CPU
		Release|Any CPU = Release|Any CPU
	EndGlobalSection
	GlobalSection(ProjectConfigurationPlatforms) = postSolution
		{3B4BCBA3-EEB4-4463-9AE0-66D90D8C261A}.Debug|Any CPU.ActiveCfg = Debug|Any CPU
		{3B4BCBA3-EEB4-4463-9AE0-66D90D8C261A}.Debug|Any CPU.Build.0 = Debug|Any CPU
		{3B4BCBA3-EEB4-4463-9AE0-66D90D8C261A}.Release|Any CPU.ActiveCfg = Release|Any CPU
		{3B4BCBA3-EEB4-4463-9AE0-66D90D8C261A}.Release|Any CPU.Build.0 = Release|Any CPU
		{C2DA5FFF-5216-4ADC-8151-98BC049391E1}.Debug|Any CPU.ActiveCfg = Debug|Any CPU
		{C2DA5FFF-5216-4ADC-8151-98BC049391E1}.Debug|Any CPU.Build.0 = Debug|Any CPU
		{C2DA5FFF-5216-4ADC-8151-98BC049391E1}.Release|Any CPU.ActiveCfg = Release|Any CPU
		{C2DA5FFF-5216-4ADC-8151-98BC049391E1}.Release|Any CPU.Build.0 = Release|Any CPU
	EndGlobalSection
	GlobalSection(SolutionProperties) = preSolution
		HideSolutionNode = FALSE
	EndGlobalSection
	GlobalSection(ExtensibilityGlobals) = postSolution
		SolutionGuid = {75CAB824-9270-46C8-881C-DC040C71AFF3}
	EndGlobalSection
EndGlobal
